
Microsoft Visual Studio Solution File, Format Version 12.00
# Visual Studio Version 17
VisualStudioVersion = 17.3.32901.215
MinimumVisualStudioVersion = 10.0.40219.1
Project("{FAE04EC0-301F-11D3-BF4B-00C04F79EFBC}") = "P01.PersonInfo", "P01.PersonInfo\P01.PersonInfo.csproj", "{964FEFBB-76DA-46F5-90A7-083A8A803FEC}"
EndProject
Project("{FAE04EC0-301F-11D3-BF4B-00C04F79EFBC}") = "P03.Telephony", "P03.Telephony\P03.Telephony.csproj", "{1A116EF9-D776-486B-AC13-987DDCC14C3B}"
EndProject
Project("{FAE04EC0-301F-11D3-BF4B-00C04F79EFBC}") = "P07.MilitaryElite", "P07.MilitaryElite\P07.MilitaryElite.csproj", "{09EC437C-9724-42D8-8AB7-6B52A9CC4BA2}"
EndProject
Global
	GlobalSection(SolutionConfigurationPlatforms) = preSolution
		Debug|Any CPU = Debug|Any CPU
		Release|Any CPU = Release|Any CPU
	EndGlobalSection
	GlobalSection(ProjectConfigurationPlatforms) = postSolution
		{964FEFBB-76DA-46F5-90A7-083A8A803FEC}.Debug|Any CPU.ActiveCfg = Debug|Any CPU
		{964FEFBB-76DA-46F5-90A7-083A8A803FEC}.Debug|Any CPU.Build.0 = Debug|Any CPU
		{964FEFBB-76DA-46F5-90A7-083A8A803FEC}.Release|Any CPU.ActiveCfg = Release|Any CPU
		{964FEFBB-76DA-46F5-90A7-083A8A803FEC}.Release|Any CPU.Build.0 = Release|Any CPU
		{1A116EF9-D776-486B-AC13-987DDCC14C3B}.Debug|Any CPU.ActiveCfg = Debug|Any CPU
		{1A116EF9-D776-486B-AC13-987DDCC14C3B}.Debug|Any CPU.Build.0 = Debug|Any CPU
		{1A116EF9-D776-486B-AC13-987DDCC14C3B}.Release|Any CPU.ActiveCfg = Release|Any CPU
		{1A116EF9-D776-486B-AC13-987DDCC14C3B}.Release|Any CPU.Build.0 = Release|Any CPU
		{09EC437C-9724-42D8-8AB7-6B52A9CC4BA2}.Debug|Any CPU.ActiveCfg = Debug|Any CPU
		{09EC437C-9724-42D8-8AB7-6B52A9CC4BA2}.Debug|Any CPU.Build.0 = Debug|Any CPU
		{09EC437C-9724-42D8-8AB7-6B52A9CC4BA2}.Release|Any CPU.ActiveCfg = Release|Any CPU
		{09EC437C-9724-42D8-8AB7-6B52A9CC4BA2}.Release|Any CPU.Build.0 = Release|Any CPU
	EndGlobalSection
	GlobalSection(SolutionProperties) = preSolution
		HideSolutionNode = FALSE
	EndGlobalSection
	GlobalSection(ExtensibilityGlobals) = postSolution
		SolutionGuid = {D6A53667-75FB-4D7E-AE46-0A5815B0AA2B}
	EndGlobalSection
EndGlobal
